{
    "_meta": {
        "hash": {
            "sha256": "0714c898022220b27ce6d1a72aa7a12caeae68878b7068aa3072723861d1471a"
        },
        "pipfile-spec": 6,
        "requires": {
            "python_version": "3.7"
        },
        "sources": [
            {
                "name": "pypi",
                "url": "https://pypi.org/simple",
                "verify_ssl": true
            }
        ]
    },
    "default": {
        "apispec": {
            "hashes": [
                "sha256:419d0564b899e182c2af50483ea074db8cb05fee60838be58bb4542095d5c08d",
                "sha256:9bf4e51d56c9067c60668b78210ae213894f060f85593dc2ad8805eb7d875a2a"
            ],
            "version": "==3.3.0"
        },
        "attrs": {
            "hashes": [
                "sha256:08a96c641c3a74e44eb59afb61a24f2cb9f4d7188748e76ba4bb5edfa3cb7d1c",
                "sha256:f7b7ce16570fe9965acd6d30101a28f62fb4a7f9e926b3bbc9b61f8b04247e72"
            ],
            "version": "==19.3.0"
        },
        "aws-cdk-aws-autoscaling": {
            "hashes": [
                "sha256:d7fa10d3521c1d2666f2ccd84aa9d769ba545db6cab9c64c51065eac8d326ba4"
            ],
            "index": "pypi",
            "version": "==1.30.0"
        },
        "aws-cdk-aws-ec2": {
            "hashes": [
                "sha256:e91e39478df8ed97e334c83f56b40f034dea4759c0fbd1eb2aa8b2e563817ce4"
            ],
            "index": "pypi",
            "version": "==1.30.0"
        },
        "aws-cdk-aws-elasticloadbalancingv2": {
            "hashes": [
                "sha256:1a64a301b05d10b1e4720e104ac05d5bade05025828d4881f65fb1796252f535"
            ],
            "index": "pypi",
            "version": "==1.30.0"
        },
        "aws-cdk-aws-iam": {
            "hashes": [
                "sha256:e61dbcd69d791c334984663338fdebd2c033cd66aaa856cf9e2d931ebba04dcf"
            ],
            "index": "pypi",
            "version": "==1.30.0"
        },
        "aws-cdk-aws-rds": {
            "hashes": [
                "sha256:846bada391703d4038fa6b56dfa413cbbb437a1d1904efd827c190f7385b8d6e"
            ],
            "index": "pypi",
            "version": "==1.30.0"
        },
        "aws-cdk.assets": {
            "hashes": [
                "sha256:9b2f9e0b6f9c59d4c72f649df95d13d4ea48098352cdfc3d6249853fa7855dcd",
                "sha256:9f9e64c6f55bf54a561c54401ca160fc2c51c8463ab56fc9da56cc8940e161eb"
            ],
            "version": "==1.30.0"
        },
        "aws-cdk.aws-apigateway": {
            "hashes": [
                "sha256:76efe65b351324573d8fd79148faad95647ead208333c5cc083dbcee272d40aa",
                "sha256:d3db179307c6e620965d4e9dc7364cb38ef6ad4fa4b4ff66e0a197e11eb766b6"
            ],
            "index": "pypi",
            "version": "==1.30.0"
        },
        "aws-cdk.aws-autoscaling-common": {
            "hashes": [
                "sha256:a00662ac2f4a89579992108b32f5487855c415d31893270084970ad525fc02af",
                "sha256:e5ad233a9c2627f30b0d4f0f9c6129179adb7cd6832e9567548522bce0a52777"
            ],
            "version": "==1.30.0"
        },
        "aws-cdk.aws-certificatemanager": {
            "hashes": [
                "sha256:94aa883a36dab32a6d7447566cc4ddf309976859863cf0acd590d6bfdd191798",
                "sha256:ede8a1121d48c6690e4e314cc8451f699a10f9a6b1cd3fae7bfe3e8366f6ccdd"
            ],
            "version": "==1.30.0"
        },
        "aws-cdk.aws-cloudformation": {
            "hashes": [
                "sha256:73fd664fbd3c34ec40c3f2ec3a58d0c97788c31a6e17837d68f956d122f8981c",
                "sha256:96772daa94979adfaa0abd9854b6ccd143517b458022fa6c8f40828cc48086f4"
            ],
            "version": "==1.30.0"
        },
        "aws-cdk.aws-cloudwatch": {
            "hashes": [
                "sha256:04583b55d217dc166dbc01dedc38b106335048e28d4d5f4997be3398933fc1e4",
                "sha256:f670e192d8184deec8d70a6c05e266f31bc72693800b4c2e1236a6cd2c99fbdc"
            ],
            "version": "==1.30.0"
        },
        "aws-cdk.aws-ec2": {
            "hashes": [
                "sha256:0ec8abfd672b57ba42915d519b40ee99597344dabd28fb68ff99366bf40fbd8d",
                "sha256:e91e39478df8ed97e334c83f56b40f034dea4759c0fbd1eb2aa8b2e563817ce4"
            ],
            "version": "==1.30.0"
        },
        "aws-cdk.aws-elasticloadbalancing": {
            "hashes": [
                "sha256:a9c22e1a0f135540fcddc7ad4f4d94fb79d18ab4e8edbd9d9d5336bf829069b5",
                "sha256:b4adda93823a2b4f65e2e6c613c897e64fd46721cace2d5e7eb351a238a33daa"
            ],
            "version": "==1.30.0"
        },
        "aws-cdk.aws-elasticloadbalancingv2": {
            "hashes": [
                "sha256:1a64a301b05d10b1e4720e104ac05d5bade05025828d4881f65fb1796252f535",
                "sha256:3d1905195616f8ad4e90a0981604f2a41be6edda3c4c32b63b9971e9067ac1d5"
            ],
            "version": "==1.30.0"
        },
        "aws-cdk.aws-events": {
            "hashes": [
                "sha256:3cf57de7cbb53f2d8c2c5bf4989c8a3a1debff26673840442e14dc345e154f53",
                "sha256:7b86a8186b41d43ab6fb99a63afe4245bad974c27d2aeb3a3c2a96097e1aa3a3"
            ],
            "version": "==1.30.0"
        },
        "aws-cdk.aws-iam": {
            "hashes": [
                "sha256:e5209fae7f7fe7c1d4acb426e797adcf798eecca989a77a1c85009453fde1472",
                "sha256:e61dbcd69d791c334984663338fdebd2c033cd66aaa856cf9e2d931ebba04dcf"
            ],
            "version": "==1.30.0"
        },
        "aws-cdk.aws-kms": {
            "hashes": [
                "sha256:472d2b7ac6c82a60536c96de00b50f8c019d01e9de861738b3dd8c1e010734b7",
                "sha256:6d79307f8084907d27303b2da8b6ca598871983cc01184f0a2d3cf18109a09a7"
            ],
            "version": "==1.30.0"
        },
        "aws-cdk.aws-lambda": {
            "hashes": [
                "sha256:55cb80c6f3c3ae0eef77a7485e60372ff475c254700bc9bfa4dc0dab2447c316",
                "sha256:c7f5801157f01680221437852168035a491202849f5d21655f4d510c49a54888"
            ],
            "index": "pypi",
            "version": "==1.30.0"
        },
        "aws-cdk.aws-logs": {
            "hashes": [
                "sha256:0052afb5d55bd8d8060545b42916916d2509490a6afd9442943838bf5f790aa8",
                "sha256:8775d8fdf7eb070ac1b7712b4220d2418683567300cfa7fbe2a1dd379d05f48d"
            ],
            "version": "==1.30.0"
        },
        "aws-cdk.aws-route53": {
            "hashes": [
                "sha256:d2246ec1fd02dc6c089037fec17ccf1dd52abbacf304d54e737a4d4178b333de",
                "sha256:e129f67a1b3036ec8124f94d0e962220c46c8a8c83c0ad84e8472f85229f195a"
            ],
            "version": "==1.30.0"
        },
        "aws-cdk.aws-s3": {
            "hashes": [
                "sha256:67e2bef585cf034c3b83b9440d86cd568ce506eed743e66df859492756b96c02",
                "sha256:99db6c06d49846436852fbea94ccc07855cd5c5e07a463912e7e6210a3e56ea7"
            ],
            "index": "pypi",
            "version": "==1.30.0"
        },
        "aws-cdk.aws-s3-assets": {
            "hashes": [
                "sha256:419430961c1b11a2bcec990eb764ab126352730f4d1ce3192feae78ebe92cac9",
                "sha256:7ed58651e5ba3856951ca037c4c00351631d69548059fd7f6f3e0b0e732f2ecf"
            ],
            "version": "==1.30.0"
        },
        "aws-cdk.aws-sam": {
            "hashes": [
                "sha256:a35d40cf23cfd833ce9881455278a920587f85dde612fc67270c1555502d7916",
                "sha256:db6e6f43b00fc3af0f05f6dcbd1d89f569364d4b4ce34d873e11472407289ae5"
            ],
            "version": "==1.30.0"
        },
        "aws-cdk.aws-secretsmanager": {
            "hashes": [
                "sha256:192e6787b4929cbe40b0e897d78ffb809b7b03b234d21f7d1c86f156f9ba1f1c",
                "sha256:693d90dd900e97b742d8793163a7084d8e5154e4888c721505e2060c1f268454"
            ],
            "version": "==1.30.0"
        },
        "aws-cdk.aws-sns": {
            "hashes": [
                "sha256:094020ab77f6c44ddd8d03a4b14fa43674df49eab42c125ef4587c5286a7178d",
                "sha256:1b908a434dc3e7293dd78e67563f3871c65a53a6d8d57496581c535f98853e19"
            ],
            "version": "==1.30.0"
        },
        "aws-cdk.aws-sqs": {
            "hashes": [
                "sha256:5dd2c5507051ea6392cb7d7468ec818426505bb645fa9d73f36575767c177231",
                "sha256:65b8106f57067b70a10ac28b91bad416365509a0ecd806d7adb8a5380596ae95"
            ],
            "version": "==1.30.0"
        },
        "aws-cdk.aws-ssm": {
            "hashes": [
                "sha256:b7cddb4f5daf4b535a3316173e3b458a02558df1ff8e73310a0fa141de9ea5d2",
                "sha256:e4eabe242bda093ac237476db56e2a43db646dba93604ce7d03f1d846ce9ccdb"
            ],
            "version": "==1.30.0"
        },
        "aws-cdk.core": {
            "hashes": [
                "sha256:7e93da2eced41e4777cbc2853939657036fd262e122547102b2746301e2b5490",
                "sha256:91c153e409b48d0a3a687863c70e8c0ea43e8990454e888ec16b08ea61d92434"
            ],
            "index": "pypi",
            "version": "==1.30.0"
        },
        "aws-cdk.cx-api": {
            "hashes": [
                "sha256:29d167e8d83b9cbdf3fa0f6448d3d99129840a1d6c4faa5df00e7e9e4277bee2",
                "sha256:ac22654d0829f320868280a8713ccca0f3d7fb7e20079312c3922b3f660c9dba"
            ],
            "version": "==1.30.0"
        },
        "aws-cdk.region-info": {
            "hashes": [
                "sha256:898674ccc2d41fb767680787a550b52968386ab35d540b164e0798e7fd8259f4",
                "sha256:f32b491c0b2666b344e4bb3bb0c906b99c397f8361202dd51a57713c00309c0e"
            ],
            "version": "==1.30.0"
        },
        "boto": {
            "hashes": [
                "sha256:147758d41ae7240dc989f0039f27da8ca0d53734be0eb869ef16e3adcfa462e8",
                "sha256:ea0d3b40a2d852767be77ca343b58a9e3a4b00d9db440efb8da74b4e58025e5a"
            ],
            "index": "pypi",
            "version": "==2.49.0"
        },
        "cattrs": {
            "hashes": [
                "sha256:616972ae3dfa6e623a40ad3cb845420e64942989152774ab055e5c2b2f89f997",
                "sha256:b7ab5cf8ad127c42eefd01410c1c6e28569a45a255ea80ed968511873c433c7a"
            ],
            "version": "==1.0.0"
        },
        "click": {
            "hashes": [
                "sha256:8a18b4ea89d8820c5d0c7da8a64b2c324b4dabb695804dbfea19b9be9d88c0cc",
                "sha256:e345d143d80bf5ee7534056164e5e112ea5e22716bbb1ce727941f4c8b471b9a"
            ],
            "version": "==7.1.1"
        },
        "constructs": {
            "hashes": [
                "sha256:2b5f005782a67d63e2302b4f09cc8a7d79c60dce175846a732e5741f2d8d9845",
                "sha256:e1715c33563c42cf25de52a957c04ef3ad0ff02df83a2f0c155d14ac94dc2799"
            ],
            "version": "==1.1.2"
        },
        "flask": {
            "hashes": [
                "sha256:13f9f196f330c7c2c5d7a5cf91af894110ca0215ac051b5844701f2bfd934d52",
                "sha256:45eb5a6fd193d6cf7e0cf5d8a5b31f83d5faae0293695626f539a823e93b13f6"
            ],
            "version": "==1.1.1"
        },
        "flask-smorest": {
            "hashes": [
                "sha256:3f05738414070ec4b5b413fd5cdfe79475a8a29fead6d65920224dfcecda695a",
                "sha256:72226af55c8b0ca28bfb88302e3add283d484aa9aca256968711f92f6351da30"
            ],
            "index": "pypi",
            "version": "==0.19.2"
        },
        "importlib-metadata": {
            "hashes": [
                "sha256:06f5b3a99029c7134207dd882428a66992a9de2bef7c2b699b5641f9886c3302",
                "sha256:b97607a1a18a5100839aec1dc26a1ea17ee0d93b20b0f008d80a5a050afb200b"
            ],
            "markers": "python_version < '3.8'",
            "version": "==1.5.0"
        },
        "itsdangerous": {
            "hashes": [
                "sha256:321b033d07f2a4136d3ec762eac9f16a10ccd60f53c0c91af90217ace7ba1f19",
                "sha256:b12271b2047cb23eeb98c8b5622e2e5c5e9abd9784a153e9d8ef9cb4dd09d749"
            ],
            "version": "==1.1.0"
        },
        "jinja2": {
            "hashes": [
                "sha256:93187ffbc7808079673ef52771baa950426fd664d3aad1d0fa3e95644360e250",
                "sha256:b0eaf100007721b5c16c1fc1eecb87409464edc10469ddc9a22a27a99123be49"
            ],
            "version": "==2.11.1"
        },
        "jsii": {
            "hashes": [
                "sha256:1f1a0984b2106395b9efbea03c81fc1091c54c89915bc200ab313b4daba9851a",
                "sha256:6933c08ecaba4932b465ea527b2237de4eedb702fa334884b8a5d66df0b52b02"
            ],
            "version": "==0.22.0"
        },
        "markupsafe": {
            "hashes": [
                "sha256:00bc623926325b26bb9605ae9eae8a215691f33cae5df11ca5424f06f2d1f473",
                "sha256:09027a7803a62ca78792ad89403b1b7a73a01c8cb65909cd876f7fcebd79b161",
                "sha256:09c4b7f37d6c648cb13f9230d847adf22f8171b1ccc4d5682398e77f40309235",
                "sha256:1027c282dad077d0bae18be6794e6b6b8c91d58ed8a8d89a89d59693b9131db5",
                "sha256:13d3144e1e340870b25e7b10b98d779608c02016d5184cfb9927a9f10c689f42",
                "sha256:24982cc2533820871eba85ba648cd53d8623687ff11cbb805be4ff7b4c971aff",
                "sha256:29872e92839765e546828bb7754a68c418d927cd064fd4708fab9fe9c8bb116b",
                "sha256:43a55c2930bbc139570ac2452adf3d70cdbb3cfe5912c71cdce1c2c6bbd9c5d1",
                "sha256:46c99d2de99945ec5cb54f23c8cd5689f6d7177305ebff350a58ce5f8de1669e",
                "sha256:500d4957e52ddc3351cabf489e79c91c17f6e0899158447047588650b5e69183",
                "sha256:535f6fc4d397c1563d08b88e485c3496cf5784e927af890fb3c3aac7f933ec66",
                "sha256:596510de112c685489095da617b5bcbbac7dd6384aeebeda4df6025d0256a81b",
                "sha256:62fe6c95e3ec8a7fad637b7f3d372c15ec1caa01ab47926cfdf7a75b40e0eac1",
                "sha256:6788b695d50a51edb699cb55e35487e430fa21f1ed838122d722e0ff0ac5ba15",
                "sha256:6dd73240d2af64df90aa7c4e7481e23825ea70af4b4922f8ede5b9e35f78a3b1",
                "sha256:717ba8fe3ae9cc0006d7c451f0bb265ee07739daf76355d06366154ee68d221e",
                "sha256:79855e1c5b8da654cf486b830bd42c06e8780cea587384cf6545b7d9ac013a0b",
                "sha256:7c1699dfe0cf8ff607dbdcc1e9b9af1755371f92a68f706051cc8c37d447c905",
                "sha256:88e5fcfb52ee7b911e8bb6d6aa2fd21fbecc674eadd44118a9cc3863f938e735",
                "sha256:8defac2f2ccd6805ebf65f5eeb132adcf2ab57aa11fdf4c0dd5169a004710e7d",
                "sha256:98c7086708b163d425c67c7a91bad6e466bb99d797aa64f965e9d25c12111a5e",
                "sha256:9add70b36c5666a2ed02b43b335fe19002ee5235efd4b8a89bfcf9005bebac0d",
                "sha256:9bf40443012702a1d2070043cb6291650a0841ece432556f784f004937f0f32c",
                "sha256:ade5e387d2ad0d7ebf59146cc00c8044acbd863725f887353a10df825fc8ae21",
                "sha256:b00c1de48212e4cc9603895652c5c410df699856a2853135b3967591e4beebc2",
                "sha256:b1282f8c00509d99fef04d8ba936b156d419be841854fe901d8ae224c59f0be5",
                "sha256:b2051432115498d3562c084a49bba65d97cf251f5a331c64a12ee7e04dacc51b",
                "sha256:ba59edeaa2fc6114428f1637ffff42da1e311e29382d81b339c1817d37ec93c6",
                "sha256:c8716a48d94b06bb3b2524c2b77e055fb313aeb4ea620c8dd03a105574ba704f",
                "sha256:cd5df75523866410809ca100dc9681e301e3c27567cf498077e8551b6d20e42f",
                "sha256:cdb132fc825c38e1aeec2c8aa9338310d29d337bebbd7baa06889d09a60a1fa2",
                "sha256:e249096428b3ae81b08327a63a485ad0878de3fb939049038579ac0ef61e17e7",
                "sha256:e8313f01ba26fbbe36c7be1966a7b7424942f670f38e666995b88d012765b9be"
            ],
            "version": "==1.1.1"
        },
        "marshmallow": {
            "hashes": [
                "sha256:90854221bbb1498d003a0c3cc9d8390259137551917961c8b5258c64026b2f85",
                "sha256:ac2e13b30165501b7d41fc0371b8df35944f5849769d136f20e2c5f6cdc6e665"
            ],
            "version": "==3.5.1"
        },
        "marshmallow-jsonapi": {
            "hashes": [
                "sha256:2129b7415c1d4abd4d949f235916b2558ebc97d141768eb9f81e4821cf8bbfc1",
                "sha256:568b5cfdb2555b06a23a796fb93393b3adfed572bd015be79ce521b29ea674a9"
            ],
            "index": "pypi",
            "version": "==0.23.0"
        },
        "more-itertools": {
            "hashes": [
                "sha256:5dd8bcf33e5f9513ffa06d5ad33d78f31e1931ac9a18f33d37e77a180d393a7c",
                "sha256:b1ddb932186d8a6ac451e1d95844b382f55e12686d51ca0c68b6f61f2ab7a507"
            ],
            "version": "==8.2.0"
        },
        "packaging": {
            "hashes": [
                "sha256:3c292b474fda1671ec57d46d739d072bfd495a4f51ad01a055121d81e952b7a3",
                "sha256:82f77b9bee21c1bafbf35a84905d604d5d1223801d639cf3ed140bd651c08752"
            ],
            "version": "==20.3"
        },
        "pluggy": {
            "hashes": [
                "sha256:15b2acde666561e1298d71b523007ed7364de07029219b604cf808bfa1c765b0",
                "sha256:966c145cd83c96502c3c3868f50408687b38434af77734af1e9ca461a4081d2d"
            ],
            "version": "==0.13.1"
        },
        "publication": {
            "hashes": [
                "sha256:0248885351febc11d8a1098d5c8e3ab2dabcf3e8c0c96db1e17ecd12b53afbe6",
                "sha256:68416a0de76dddcdd2930d1c8ef853a743cc96c82416c4e4d3b5d901c6276dc4"
            ],
            "version": "==0.0.3"
        },
        "py": {
            "hashes": [
                "sha256:5e27081401262157467ad6e7f851b7aa402c5852dbcb3dae06768434de5752aa",
                "sha256:c20fdd83a5dbc0af9efd622bee9a5564e278f6380fffcacc43ba6f43db2813b0"
            ],
            "version": "==1.8.1"
        },
        "pyparsing": {
            "hashes": [
                "sha256:4c830582a84fb022400b85429791bc551f1f4871c33f23e44f353119e92f969f",
                "sha256:c342dccb5250c08d45fd6f8b4a559613ca603b57498511740e65cd11a2e7dcec"
            ],
            "version": "==2.4.6"
        },
        "pytest": {
            "hashes": [
                "sha256:0e5b30f5cb04e887b91b1ee519fa3d89049595f428c1db76e73bd7f17b09b172",
                "sha256:84dde37075b8805f3d1f392cc47e38a0e59518fb46a431cfdaf7cf1ce805f970"
            ],
            "index": "pypi",
            "version": "==5.4.1"
        },
        "python-dateutil": {
            "hashes": [
                "sha256:73ebfe9dbf22e832286dafa60473e4cd239f8592f699aa5adaf10050e6e1823c",
                "sha256:75bb3f31ea686f1197762692a9ee6a7550b59fc6ca3a1f4b5d7e32fb98e2da2a"
            ],
            "version": "==2.8.1"
        },
        "six": {
            "hashes": [
                "sha256:236bdbdce46e6e6a3d61a337c0f8b763ca1e8717c03b369e87a7ec7ce1319c0a",
                "sha256:8f3cd2e254d8f793e7f3d6d9df77b92252b52637291d0f0da013c76ea2724b6c"
            ],
            "version": "==1.14.0"
        },
        "typing-extensions": {
            "hashes": [
                "sha256:091ecc894d5e908ac75209f10d5b4f118fbdb2eb1ede6a63544054bb1edb41f2",
                "sha256:910f4656f54de5993ad9304959ce9bb903f90aadc7c67a0bef07e678014e892d",
                "sha256:cf8b63fedea4d89bab840ecbb93e75578af28f76f66c35889bd7065f5af88575"
            ],
            "version": "==3.7.4.1"
        },
        "wcwidth": {
            "hashes": [
                "sha256:8fd29383f539be45b20bd4df0dc29c20ba48654a41e661925e612311e9f3c603",
                "sha256:f28b3e8a6483e5d49e7f8949ac1a78314e740333ae305b4ba5defd3e74fb37a8"
            ],
            "version": "==0.1.8"
        },
        "webargs": {
            "hashes": [
                "sha256:4f04918864c7602886335d8099f9b8960ee698b6b914f022736ed50be6b71235",
                "sha256:871642a2e0c62f21d5b78f357750ac7a87e6bc734c972f633aa5fb6204fbf29a",
                "sha256:fc81c9f9d391acfbce406a319217319fd8b2fd862f7fdb5319ad06944f36ed25"
            ],
            "version": "==5.5.3"
        },
        "werkzeug": {
            "hashes": [
                "sha256:169ba8a33788476292d04186ab33b01d6add475033dfc07215e6d219cc077096",
                "sha256:6dc65cf9091cf750012f56f2cad759fa9e879f511b5ff8685e456b4e3bf90d16"
            ],
            "version": "==1.0.0"
        },
        "zipp": {
            "hashes": [
                "sha256:aa36550ff0c0b7ef7fa639055d797116ee891440eac1a56f378e2d3179e0320b",
                "sha256:c599e4d75c98f6798c509911d08a22e6c021d074469042177c8c86fb92eefd96"
            ],
            "version": "==3.1.0"
        }
    },
    "develop": {
        "entrypoints": {
            "hashes": [
                "sha256:589f874b313739ad35be6e0cd7efde2a4e9b6fea91edcc34e58ecbb8dbe56d19",
                "sha256:c70dd71abe5a8c85e55e12c19bd91ccfeec11a6e99044204511f9ed547d48451"
            ],
            "version": "==0.3"
        },
        "flake8": {
            "hashes": [
                "sha256:45681a117ecc81e870cbf1262835ae4af5e7a8b08e40b944a8a6e6b895914cfb",
                "sha256:49356e766643ad15072a789a20915d3c91dc89fd313ccd71802303fd67e4deca"
            ],
            "index": "pypi",
            "version": "==3.7.9"
        },
        "mccabe": {
            "hashes": [
                "sha256:ab8a6258860da4b6677da4bd2fe5dc2c659cff31b3ee4f7f5d64e79735b80d42",
                "sha256:dd8d182285a0fe56bace7f45b5e7d1a6ebcbf524e8f3bd87eb0f125271b8831f"
            ],
            "version": "==0.6.1"
        },
        "pycodestyle": {
            "hashes": [
                "sha256:95a2219d12372f05704562a14ec30bc76b05a5b297b21a5dfe3f6fac3491ae56",
                "sha256:e40a936c9a450ad81df37f549d676d127b1b66000a6c500caa2b085bc0ca976c"
            ],
            "version": "==2.5.0"
        },
        "pyflakes": {
            "hashes": [
                "sha256:17dbeb2e3f4d772725c777fabc446d5634d1038f234e77343108ce445ea69ce0",
                "sha256:d976835886f8c5b31d47970ed689944a0262b5f3afa00a5a7b4dc81e5449f8a2"
            ],
            "version": "==2.1.1"
        },
        "rope": {
            "hashes": [
                "sha256:52423a7eebb5306a6d63bdc91a7c657db51ac9babfb8341c9a1440831ecf3203",
                "sha256:ae1fa2fd56f64f4cc9be46493ce54bed0dd12dee03980c61a4393d89d84029ad",
                "sha256:d2830142c2e046f5fc26a022fe680675b6f48f81c7fc1f03a950706e746e9dfe"
            ],
            "index": "pypi",
            "version": "==0.16.0"
        }
    }
}
