{
    "_meta": {
        "hash": {
            "sha256": "c9a18c8a63cefe7a1db590d5d46d1debfc909f8f2f1093da7c67f489d9c76673"
        },
        "pipfile-spec": 6,
        "requires": {
            "python_version": "3.7"
        },
        "sources": [
            {
                "name": "pypi",
                "url": "https://pypi.org/simple",
                "verify_ssl": true
            }
        ]
    },
    "default": {
        "apispec": {
            "hashes": [
                "sha256:6cb08d92ce73ff0b3bf46cb2ea5c00d57289b0f279fb0256a3df468182ba5344",
                "sha256:95a0b9355785df998bb0e9b939237a30ee4c7428fd6ef97305eae3da06b9b339"
            ],
            "markers": "python_version >= '3.7'",
            "version": "==6.3.0"
        },
        "attrs": {
            "hashes": [
                "sha256:1f28b4522cdc2fb4256ac1a020c78acf9cba2c6b461ccd2c126f3aa8e8335d04",
                "sha256:6279836d581513a26f1bf235f9acd333bc9115683f14f7e8fae46c98fc50e015"
            ],
            "markers": "python_version >= '3.7'",
            "version": "==23.1.0"
        },
        "aws-cdk-aws-iam": {
            "hashes": [
                "sha256:1b4f5b29a1c5f443bc419918839a3f42bd708ee9b442c8099d63caf6bbc0ee28",
                "sha256:f2e22b4bb1183fb2a407d274e23f1000b81378f43f915c48ae538d5ac7e49a09"
            ],
            "index": "pypi",
            "version": "==1.27.0"
        },
        "aws-cdk.assets": {
            "hashes": [
                "sha256:8a5792764a9053d512e039267a12af662e2384f993fd06a0e234cf5e9aa5a9e2",
                "sha256:fd761963aeaf2ccbfc11ead3185935facb778a57e306cab06cc99fa91c4fe70e"
            ],
            "markers": "python_version >= '3.6'",
            "version": "==1.27.0"
        },
        "aws-cdk.aws-apigateway": {
            "hashes": [
                "sha256:30ae3deb23d583a9dc2e646176d61c44bab632f1b665d203f88f392a622ed16a",
                "sha256:7d149a13c0999344d9d8fd20d39851e2422e22ce8872e141febf43e99434edda"
            ],
            "index": "pypi",
            "version": "==1.27.0"
        },
        "aws-cdk.aws-certificatemanager": {
            "hashes": [
                "sha256:30e698819d7c4a53cb153a0077aa07bb70df19155171195b8a163e718db401ec",
                "sha256:5f693e0f6b3b95950f1af95f5c7269ffff3d84a9a2c61a779a33e76037b53c5d"
            ],
            "markers": "python_version >= '3.6'",
            "version": "==1.27.0"
        },
        "aws-cdk.aws-cloudformation": {
            "hashes": [
                "sha256:14bba16fc6081d8b172965a776a4214ebbc9722c0126e07bb5eb4ba183b64cba",
                "sha256:953dd80eb0de307763366bd4781c286ff5b95924a03c19b5bf6b4e264dcae28d"
            ],
            "markers": "python_version >= '3.6'",
            "version": "==1.27.0"
        },
        "aws-cdk.aws-cloudwatch": {
            "hashes": [
                "sha256:7d790c5785257f655d310da5ccf1d0aeb83038ff4e711428a42869b78587d62a",
                "sha256:871d5b7d3d83ed526de0fa3fb234acfdf7342ca1dfd8c4bfeb30d1653e8a44a8"
            ],
            "markers": "python_version >= '3.6'",
            "version": "==1.27.0"
        },
        "aws-cdk.aws-ec2": {
            "hashes": [
                "sha256:b2ea050123cf5479fdf58e8d57eb76845d4537c783f6fc3f8b91a20887557ade",
                "sha256:f2201d379142b6d954c04329f2e6b87b916e0e43aea22b852285f1f202eeb6bb"
            ],
            "markers": "python_version >= '3.6'",
            "version": "==1.27.0"
        },
        "aws-cdk.aws-elasticloadbalancingv2": {
            "hashes": [
                "sha256:2b1483ca39bcb2c6c6cc2068bb44a51b7c6bcca24e4adc141480bca33fab4621",
                "sha256:5a4a9f8ac794d99bd366db0ab91629963c8dfc31e192da28ae4d3804e2ba2dec"
            ],
            "markers": "python_version >= '3.6'",
            "version": "==1.27.0"
        },
        "aws-cdk.aws-events": {
            "hashes": [
                "sha256:551759d558adeaa29048be4b716f6b980d6c157022c8727ba1dc434291f9d200",
                "sha256:55b4f99ee20eb47f0b5e1582db95cea302ed4435efecaf6cafc069951de79eec"
            ],
            "markers": "python_version >= '3.6'",
            "version": "==1.27.0"
        },
        "aws-cdk.aws-kms": {
            "hashes": [
                "sha256:7850c5fbb6f7a0be72c1041131c9cdd94dd34cef4547fffd9e1a9009fddcff1e",
                "sha256:fd280ddb9c4ffb6df5dcd9ce719d96f0601d3d5be9df00893987084606252fd2"
            ],
            "markers": "python_version >= '3.6'",
            "version": "==1.27.0"
        },
        "aws-cdk.aws-lambda": {
            "hashes": [
                "sha256:66c4221c4768f65f8c8d4fbbcc059d9303eb2f2f530c3c04da0e3dcbb5b20d50",
                "sha256:d23b5fb376b80152cbf00638586aad77e5d3f54227d7958a6810e4c7c568becb"
            ],
            "index": "pypi",
            "version": "==1.27.0"
        },
        "aws-cdk.aws-logs": {
            "hashes": [
                "sha256:2ddd47ec9e031a4e497d0300bc824043e5e89e36a47bc095b23ed84b6cbdb829",
                "sha256:84b7f8c27afa0f6aac201e22c187d247f447c60b7e891df11886a8c896a6366e"
            ],
            "markers": "python_version >= '3.6'",
            "version": "==1.27.0"
        },
        "aws-cdk.aws-route53": {
            "hashes": [
                "sha256:51ffaddf062c3dc8c80b9bc2d7d581fdab61a2314388b2b1c465190ff4d86716",
                "sha256:84f82d7533828a5ef6effcbd3023c606e07cb7405ded2cad716ad74dc6d0a3a0"
            ],
            "markers": "python_version >= '3.6'",
            "version": "==1.27.0"
        },
        "aws-cdk.aws-s3": {
            "hashes": [
                "sha256:845ed821346014a2a9963dee0c7e2f7316b21ed13c4bb4f5565a769eb5555679",
                "sha256:d5dc9bf02e3ee8b6698677b5f27bfb27af0bc8b2361adeef577fa8b0d7d81ec2"
            ],
            "index": "pypi",
            "version": "==1.27.0"
        },
        "aws-cdk.aws-s3-assets": {
            "hashes": [
                "sha256:24ad5d5687314ae150267bfe11200a6b46f3c9c1fbccb8b40853d1fdc7ce00df",
                "sha256:a675979dfa0649c30141f505db6e271b46f804d3d3199e24ce330c6ef1def202"
            ],
            "markers": "python_version >= '3.6'",
            "version": "==1.27.0"
        },
        "aws-cdk.aws-sns": {
            "hashes": [
                "sha256:696260c9965b37e3de0ff313a60044db9b15033018c165c2ba23972578ae7c89",
                "sha256:93db24e2f815a7e65283996ddaf7f5b2134ec9f6ad8dd2a9cd88496045757dbf"
            ],
            "markers": "python_version >= '3.6'",
            "version": "==1.27.0"
        },
        "aws-cdk.aws-sqs": {
            "hashes": [
                "sha256:1b48d669c882313a52cbf87d17157054194f7b903a06d94be8c58bd481f8cfe3",
                "sha256:6db54abf5fea09696ca7571405ef4ecf002a70e4cf0891ec11e3b144a491cca3"
            ],
            "markers": "python_version >= '3.6'",
            "version": "==1.27.0"
        },
        "aws-cdk.aws-ssm": {
            "hashes": [
                "sha256:2eaae9dec6215b43e055ca64eb450bec7e5380af4818c4c6e75683ed5a8e214f",
                "sha256:beb6222e067f20f2dde793fc9349a2a20a932caeba40ac1e79a5b2f608782806"
            ],
            "markers": "python_version >= '3.6'",
            "version": "==1.27.0"
        },
        "aws-cdk.core": {
            "hashes": [
                "sha256:38af9bc1ab164e72806eabbb7f84b77c007d68f3aea869858092fb0331a75aed",
                "sha256:4e86a8f984a47edc81bd78e50a17f915741e386d90079669143287e8db81a981"
            ],
            "index": "pypi",
            "version": "==1.27.0"
        },
        "aws-cdk.cx-api": {
            "hashes": [
                "sha256:8d527c479e77aff962810af8b5bd1f1dcddaa77c0310d080ea8608941c344bd9",
                "sha256:cbe497d176f030c5c7dd76a7ac4dd3f160f82bf0d64dc3327d3a692d9f0f3e2e"
            ],
            "markers": "python_version >= '3.6'",
            "version": "==1.27.0"
        },
        "aws-cdk.region-info": {
            "hashes": [
                "sha256:2bfa35c3d417e2e3d55a4aed986ca5ccc6c295c48eaad30bd582b9e46ec24427",
                "sha256:30d56fbc044f0537b0608d22e756db627f7624884ec90acd2e36f277c79f3a2b"
            ],
            "markers": "python_version >= '3.6'",
            "version": "==1.27.0"
        },
        "boto": {
            "hashes": [
                "sha256:147758d41ae7240dc989f0039f27da8ca0d53734be0eb869ef16e3adcfa462e8",
                "sha256:ea0d3b40a2d852767be77ca343b58a9e3a4b00d9db440efb8da74b4e58025e5a"
            ],
            "index": "pypi",
            "version": "==2.49.0"
        },
        "cattrs": {
            "hashes": [
                "sha256:bc12b1f0d000b9f9bee83335887d532a1d3e99a833d1bf0882151c97d3e68c21",
                "sha256:f0eed5642399423cf656e7b66ce92cdc5b963ecafd041d1b24d136fdde7acf6d"
            ],
            "markers": "python_version >= '3.7'",
            "version": "==22.2.0"
        },
        "click": {
            "hashes": [
                "sha256:7682dc8afb30297001674575ea00d1814d808d6a36af415a82bd481d37ba7b8e",
                "sha256:bb4d8133cb15a609f44e8213d9b391b0809795062913b383c62be0ee95b1db48"
            ],
            "markers": "python_version >= '3.7'",
            "version": "==8.1.3"
        },
        "exceptiongroup": {
            "hashes": [
                "sha256:232c37c63e4f682982c8b6459f33a8981039e5fb8756b2074364e5055c498c9e",
                "sha256:d484c3090ba2889ae2928419117447a14daf3c1231d5e30d0aae34f354f01785"
            ],
            "markers": "python_version < '3.11'",
            "version": "==1.1.1"
        },
        "flask": {
            "hashes": [
                "sha256:58107ed83443e86067e41eff4631b058178191a355886f8e479e347fa1285fdf",
                "sha256:edee9b0a7ff26621bd5a8c10ff484ae28737a2410d99b0bb9a6850c7fb977aa0"
            ],
            "index": "pypi",
            "version": "==2.2.5"
        },
        "flask-smorest": {
            "hashes": [
                "sha256:3f05738414070ec4b5b413fd5cdfe79475a8a29fead6d65920224dfcecda695a",
                "sha256:72226af55c8b0ca28bfb88302e3add283d484aa9aca256968711f92f6351da30"
            ],
            "index": "pypi",
            "version": "==0.19.2"
        },
        "importlib-metadata": {
            "hashes": [
                "sha256:43dd286a2cd8995d5eaef7fee2066340423b818ed3fd70adf0bad5f1fac53fed",
                "sha256:92501cdf9cc66ebd3e612f1b4f0c0765dfa42f0fa38ffb319b6bd84dd675d705"
            ],
            "markers": "python_version < '3.8'",
            "version": "==6.6.0"
        },
        "itsdangerous": {
            "hashes": [
                "sha256:2c2349112351b88699d8d4b6b075022c0808887cb7ad10069318a8b0bc88db44",
                "sha256:5dbbc68b317e5e42f327f9021763545dc3fc3bfe22e6deb96aaf1fc38874156a"
            ],
            "markers": "python_version >= '3.7'",
            "version": "==2.1.2"
        },
        "jinja2": {
            "hashes": [
                "sha256:31351a702a408a9e7595a8fc6150fc3f43bb6bf7e319770cbc0db9df9437e852",
                "sha256:6088930bfe239f0e6710546ab9c19c9ef35e29792895fed6e6e31a023a182a61"
            ],
            "markers": "python_version >= '3.7'",
            "version": "==3.1.2"
        },
        "jsii": {
            "hashes": [
                "sha256:1f1a0984b2106395b9efbea03c81fc1091c54c89915bc200ab313b4daba9851a",
                "sha256:6933c08ecaba4932b465ea527b2237de4eedb702fa334884b8a5d66df0b52b02"
            ],
            "markers": "python_version >= '3.6'",
            "version": "==0.22.0"
        },
        "markupsafe": {
            "hashes": [
                "sha256:0576fe974b40a400449768941d5d0858cc624e3249dfd1e0c33674e5c7ca7aed",
                "sha256:085fd3201e7b12809f9e6e9bc1e5c96a368c8523fad5afb02afe3c051ae4afcc",
                "sha256:090376d812fb6ac5f171e5938e82e7f2d7adc2b629101cec0db8b267815c85e2",
                "sha256:0b462104ba25f1ac006fdab8b6a01ebbfbce9ed37fd37fd4acd70c67c973e460",
                "sha256:137678c63c977754abe9086a3ec011e8fd985ab90631145dfb9294ad09c102a7",
                "sha256:1bea30e9bf331f3fef67e0a3877b2288593c98a21ccb2cf29b74c581a4eb3af0",
                "sha256:22152d00bf4a9c7c83960521fc558f55a1adbc0631fbb00a9471e097b19d72e1",
                "sha256:22731d79ed2eb25059ae3df1dfc9cb1546691cc41f4e3130fe6bfbc3ecbbecfa",
                "sha256:2298c859cfc5463f1b64bd55cb3e602528db6fa0f3cfd568d3605c50678f8f03",
                "sha256:28057e985dace2f478e042eaa15606c7efccb700797660629da387eb289b9323",
                "sha256:2e7821bffe00aa6bd07a23913b7f4e01328c3d5cc0b40b36c0bd81d362faeb65",
                "sha256:2ec4f2d48ae59bbb9d1f9d7efb9236ab81429a764dedca114f5fdabbc3788013",
                "sha256:340bea174e9761308703ae988e982005aedf427de816d1afe98147668cc03036",
                "sha256:40627dcf047dadb22cd25ea7ecfe9cbf3bbbad0482ee5920b582f3809c97654f",
                "sha256:40dfd3fefbef579ee058f139733ac336312663c6706d1163b82b3003fb1925c4",
                "sha256:4cf06cdc1dda95223e9d2d3c58d3b178aa5dacb35ee7e3bbac10e4e1faacb419",
                "sha256:50c42830a633fa0cf9e7d27664637532791bfc31c731a87b202d2d8ac40c3ea2",
                "sha256:55f44b440d491028addb3b88f72207d71eeebfb7b5dbf0643f7c023ae1fba619",
                "sha256:608e7073dfa9e38a85d38474c082d4281f4ce276ac0010224eaba11e929dd53a",
                "sha256:63ba06c9941e46fa389d389644e2d8225e0e3e5ebcc4ff1ea8506dce646f8c8a",
                "sha256:65608c35bfb8a76763f37036547f7adfd09270fbdbf96608be2bead319728fcd",
                "sha256:665a36ae6f8f20a4676b53224e33d456a6f5a72657d9c83c2aa00765072f31f7",
                "sha256:6d6607f98fcf17e534162f0709aaad3ab7a96032723d8ac8750ffe17ae5a0666",
                "sha256:7313ce6a199651c4ed9d7e4cfb4aa56fe923b1adf9af3b420ee14e6d9a73df65",
                "sha256:7668b52e102d0ed87cb082380a7e2e1e78737ddecdde129acadb0eccc5423859",
                "sha256:7df70907e00c970c60b9ef2938d894a9381f38e6b9db73c5be35e59d92e06625",
                "sha256:7e007132af78ea9df29495dbf7b5824cb71648d7133cf7848a2a5dd00d36f9ff",
                "sha256:835fb5e38fd89328e9c81067fd642b3593c33e1e17e2fdbf77f5676abb14a156",
                "sha256:8bca7e26c1dd751236cfb0c6c72d4ad61d986e9a41bbf76cb445f69488b2a2bd",
                "sha256:8db032bf0ce9022a8e41a22598eefc802314e81b879ae093f36ce9ddf39ab1ba",
                "sha256:99625a92da8229df6d44335e6fcc558a5037dd0a760e11d84be2260e6f37002f",
                "sha256:9cad97ab29dfc3f0249b483412c85c8ef4766d96cdf9dcf5a1e3caa3f3661cf1",
                "sha256:a4abaec6ca3ad8660690236d11bfe28dfd707778e2442b45addd2f086d6ef094",
                "sha256:a6e40afa7f45939ca356f348c8e23048e02cb109ced1eb8420961b2f40fb373a",
                "sha256:a6f2fcca746e8d5910e18782f976489939d54a91f9411c32051b4aab2bd7c513",
                "sha256:a806db027852538d2ad7555b203300173dd1b77ba116de92da9afbc3a3be3eed",
                "sha256:abcabc8c2b26036d62d4c746381a6f7cf60aafcc653198ad678306986b09450d",
                "sha256:b8526c6d437855442cdd3d87eede9c425c4445ea011ca38d937db299382e6fa3",
                "sha256:bb06feb762bade6bf3c8b844462274db0c76acc95c52abe8dbed28ae3d44a147",
                "sha256:c0a33bc9f02c2b17c3ea382f91b4db0e6cde90b63b296422a939886a7a80de1c",
                "sha256:c4a549890a45f57f1ebf99c067a4ad0cb423a05544accaf2b065246827ed9603",
                "sha256:ca244fa73f50a800cf8c3ebf7fd93149ec37f5cb9596aa8873ae2c1d23498601",
                "sha256:cf877ab4ed6e302ec1d04952ca358b381a882fbd9d1b07cccbfd61783561f98a",
                "sha256:d9d971ec1e79906046aa3ca266de79eac42f1dbf3612a05dc9368125952bd1a1",
                "sha256:da25303d91526aac3672ee6d49a2f3db2d9502a4a60b55519feb1a4c7714e07d",
                "sha256:e55e40ff0cc8cc5c07996915ad367fa47da6b3fc091fdadca7f5403239c5fec3",
                "sha256:f03a532d7dee1bed20bc4884194a16160a2de9ffc6354b3878ec9682bb623c54",
                "sha256:f1cd098434e83e656abf198f103a8207a8187c0fc110306691a2e94a78d0abb2",
                "sha256:f2bfb563d0211ce16b63c7cb9395d2c682a23187f54c3d79bfec33e6705473c6",
                "sha256:f8ffb705ffcf5ddd0e80b65ddf7bed7ee4f5a441ea7d3419e861a12eaf41af58"
            ],
            "markers": "python_version >= '3.7'",
            "version": "==2.1.2"
        },
        "marshmallow": {
            "hashes": [
                "sha256:90032c0fd650ce94b6ec6dc8dfeb0e3ff50c144586462c389b81a07205bedb78",
                "sha256:93f0958568da045b0021ec6aeb7ac37c81bfcccbb9a0e7ed8559885070b3a19b"
            ],
            "markers": "python_version >= '3.7'",
            "version": "==3.19.0"
        },
        "marshmallow-jsonapi": {
            "hashes": [
                "sha256:2129b7415c1d4abd4d949f235916b2558ebc97d141768eb9f81e4821cf8bbfc1",
                "sha256:568b5cfdb2555b06a23a796fb93393b3adfed572bd015be79ce521b29ea674a9"
            ],
            "index": "pypi",
            "version": "==0.23.0"
        },
        "more-itertools": {
            "hashes": [
                "sha256:cabaa341ad0389ea83c17a94566a53ae4c9d07349861ecb14dc6d0345cf9ac5d",
                "sha256:d2bc7f02446e86a68911e58ded76d6561eea00cddfb2a91e7019bbb586c799f3"
            ],
            "markers": "python_version >= '3.7'",
            "version": "==9.1.0"
        },
        "packaging": {
            "hashes": [
                "sha256:994793af429502c4ea2ebf6bf664629d07c1a9fe974af92966e4b8d2df7edc61",
                "sha256:a392980d2b6cffa644431898be54b0045151319d1e7ec34f0cfed48767dd334f"
            ],
            "markers": "python_version >= '3.7'",
            "version": "==23.1"
        },
        "pluggy": {
            "hashes": [
                "sha256:15b2acde666561e1298d71b523007ed7364de07029219b604cf808bfa1c765b0",
                "sha256:966c145cd83c96502c3c3868f50408687b38434af77734af1e9ca461a4081d2d"
            ],
            "markers": "python_version >= '2.7' and python_version not in '3.0, 3.1, 3.2, 3.3'",
            "version": "==0.13.1"
        },
        "publication": {
            "hashes": [
                "sha256:0248885351febc11d8a1098d5c8e3ab2dabcf3e8c0c96db1e17ecd12b53afbe6",
                "sha256:68416a0de76dddcdd2930d1c8ef853a743cc96c82416c4e4d3b5d901c6276dc4"
            ],
            "version": "==0.0.3"
        },
        "py": {
            "hashes": [
                "sha256:51c75c4126074b472f746a24399ad32f6053d1b34b68d2fa41e558e6f4a98719",
                "sha256:607c53218732647dff4acdfcd50cb62615cedf612e72d1724fb1a0cc6405b378"
            ],
            "markers": "python_version >= '2.7' and python_version not in '3.0, 3.1, 3.2, 3.3, 3.4'",
            "version": "==1.11.0"
        },
        "pytest": {
            "hashes": [
                "sha256:0d5fe9189a148acc3c3eb2ac8e1ac0742cb7618c084f3d228baaec0c254b318d",
                "sha256:ff615c761e25eb25df19edddc0b970302d2a9091fbce0e7213298d85fb61fef6"
            ],
            "index": "pypi",
            "version": "==5.3.5"
        },
        "python-dateutil": {
            "hashes": [
                "sha256:0123cacc1627ae19ddf3c27a5de5bd67ee4586fbdd6440d9748f8abb483d3e86",
                "sha256:961d03dc3453ebbc59dbdea9e4e11c5651520a876d0f4db161e8674aae935da9"
            ],
            "markers": "python_version >= '2.7' and python_version not in '3.0, 3.1, 3.2, 3.3'",
            "version": "==2.8.2"
        },
        "six": {
            "hashes": [
                "sha256:1e61c37477a1626458e36f7b1d82aa5c9b094fa4802892072e49de9c60c4c926",
                "sha256:8abb2f1d86890a2dfb989f9a77cfcfd3e47c2a354b01111771326f8aa26e0254"
            ],
            "markers": "python_version >= '2.7' and python_version not in '3.0, 3.1, 3.2, 3.3'",
            "version": "==1.16.0"
        },
        "typing-extensions": {
            "hashes": [
                "sha256:5cb5f4a79139d699607b3ef622a1dedafa84e115ab0024e0d9c044a9479ca7cb",
                "sha256:fb33085c39dd998ac16d1431ebc293a8b3eedd00fd4a32de0ff79002c19511b4"
            ],
            "markers": "python_version < '3.8'",
            "version": "==4.5.0"
        },
        "wcwidth": {
            "hashes": [
                "sha256:795b138f6875577cd91bba52baf9e445cd5118fd32723b460e30a0af30ea230e",
                "sha256:a5220780a404dbe3353789870978e472cfe477761f06ee55077256e509b156d0"
            ],
            "version": "==0.2.6"
        },
        "webargs": {
            "hashes": [
                "sha256:4f04918864c7602886335d8099f9b8960ee698b6b914f022736ed50be6b71235",
                "sha256:871642a2e0c62f21d5b78f357750ac7a87e6bc734c972f633aa5fb6204fbf29a",
                "sha256:fc81c9f9d391acfbce406a319217319fd8b2fd862f7fdb5319ad06944f36ed25"
            ],
            "version": "==5.5.3"
        },
        "werkzeug": {
            "hashes": [
                "sha256:2e1ccc9417d4da358b9de6f174e3ac094391ea1d4fbef2d667865d819dfd0afe",
                "sha256:56433961bc1f12533306c624f3be5e744389ac61d722175d543e1751285da612"
            ],
            "markers": "python_version >= '3.7'",
            "version": "==2.2.3"
        },
        "zipp": {
            "hashes": [
                "sha256:112929ad649da941c23de50f356a2b5570c954b65150642bccdd66bf194d224b",
                "sha256:48904fc76a60e542af151aded95726c1a5c34ed43ab4134b597665c86d7ad556"
            ],
            "markers": "python_version >= '3.7'",
            "version": "==3.15.0"
        }
    },
    "develop": {
        "entrypoints": {
            "hashes": [
                "sha256:589f874b313739ad35be6e0cd7efde2a4e9b6fea91edcc34e58ecbb8dbe56d19",
                "sha256:c70dd71abe5a8c85e55e12c19bd91ccfeec11a6e99044204511f9ed547d48451"
            ],
            "markers": "python_version >= '2.7'",
            "version": "==0.3"
        },
        "flake8": {
            "hashes": [
                "sha256:45681a117ecc81e870cbf1262835ae4af5e7a8b08e40b944a8a6e6b895914cfb",
                "sha256:49356e766643ad15072a789a20915d3c91dc89fd313ccd71802303fd67e4deca"
            ],
            "index": "pypi",
            "version": "==3.7.9"
        },
        "mccabe": {
            "hashes": [
                "sha256:ab8a6258860da4b6677da4bd2fe5dc2c659cff31b3ee4f7f5d64e79735b80d42",
                "sha256:dd8d182285a0fe56bace7f45b5e7d1a6ebcbf524e8f3bd87eb0f125271b8831f"
            ],
            "version": "==0.6.1"
        },
        "pycodestyle": {
            "hashes": [
                "sha256:95a2219d12372f05704562a14ec30bc76b05a5b297b21a5dfe3f6fac3491ae56",
                "sha256:e40a936c9a450ad81df37f549d676d127b1b66000a6c500caa2b085bc0ca976c"
            ],
            "markers": "python_version >= '2.7' and python_version not in '3.0, 3.1, 3.2, 3.3'",
            "version": "==2.5.0"
        },
        "pyflakes": {
            "hashes": [
                "sha256:17dbeb2e3f4d772725c777fabc446d5634d1038f234e77343108ce445ea69ce0",
                "sha256:d976835886f8c5b31d47970ed689944a0262b5f3afa00a5a7b4dc81e5449f8a2"
            ],
            "markers": "python_version >= '2.7' and python_version not in '3.0, 3.1, 3.2, 3.3'",
            "version": "==2.1.1"
        }
    }
}
